
Microsoft Visual Studio Solution File, Format Version 12.00
# Visual Studio Version 17
VisualStudioVersion = 17.0.31903.59
MinimumVisualStudioVersion = 10.0.40219.1
Project("{FAE04EC0-301F-11D3-BF4B-00C04F79EFBC}") = "QT1", "QT1\QT1.csproj", "{BF0414A8-8BCE-4153-AED1-F2A1035B76A5}"
EndProject
Project("{FAE04EC0-301F-11D3-BF4B-00C04F79EFBC}") = "QT2", "QT2\QT2.csproj", "{A8CEC127-0CB3-4807-8991-C517BF6C683B}"
EndProject
Project("{FAE04EC0-301F-11D3-BF4B-00C04F79EFBC}") = "QT#", "QT#\QT#.csproj", "{D4067D60-6CE0-4845-9CA4-9E376BF1B0E1}"
EndProject
Project("{FAE04EC0-301F-11D3-BF4B-00C04F79EFBC}") = "QT3", "QT3\QT3.csproj", "{B0CA44C6-FD88-4AE0-823F-5BE93F2D16F9}"
EndProject
Project("{FAE04EC0-301F-11D3-BF4B-00C04F79EFBC}") = "QT4", "QT4\QT4.csproj", "{3C7B33E3-737D-430C-AB25-8784C97D396A}"
EndProject
Project("{FAE04EC0-301F-11D3-BF4B-00C04F79EFBC}") = "QT5", "QT5\QT5.csproj", "{1080B17D-CBFE-425D-9A71-797F841AD23C}"
EndProject
Global
	GlobalSection(SolutionConfigurationPlatforms) = preSolution
		Debug|Any CPU = Debug|Any CPU
		Release|Any CPU = Release|Any CPU
	EndGlobalSection
	GlobalSection(SolutionProperties) = preSolution
		HideSolutionNode = FALSE
	EndGlobalSection
	GlobalSection(ProjectConfigurationPlatforms) = postSolution
		{BF0414A8-8BCE-4153-AED1-F2A1035B76A5}.Debug|Any CPU.ActiveCfg = Debug|Any CPU
		{BF0414A8-8BCE-4153-AED1-F2A1035B76A5}.Debug|Any CPU.Build.0 = Debug|Any CPU
		{BF0414A8-8BCE-4153-AED1-F2A1035B76A5}.Release|Any CPU.ActiveCfg = Release|Any CPU
		{BF0414A8-8BCE-4153-AED1-F2A1035B76A5}.Release|Any CPU.Build.0 = Release|Any CPU
		{A8CEC127-0CB3-4807-8991-C517BF6C683B}.Debug|Any CPU.ActiveCfg = Debug|Any CPU
		{A8CEC127-0CB3-4807-8991-C517BF6C683B}.Debug|Any CPU.Build.0 = Debug|Any CPU
		{A8CEC127-0CB3-4807-8991-C517BF6C683B}.Release|Any CPU.ActiveCfg = Release|Any CPU
		{A8CEC127-0CB3-4807-8991-C517BF6C683B}.Release|Any CPU.Build.0 = Release|Any CPU
		{D4067D60-6CE0-4845-9CA4-9E376BF1B0E1}.Debug|Any CPU.ActiveCfg = Debug|Any CPU
		{D4067D60-6CE0-4845-9CA4-9E376BF1B0E1}.Debug|Any CPU.Build.0 = Debug|Any CPU
		{D4067D60-6CE0-4845-9CA4-9E376BF1B0E1}.Release|Any CPU.ActiveCfg = Release|Any CPU
		{D4067D60-6CE0-4845-9CA4-9E376BF1B0E1}.Release|Any CPU.Build.0 = Release|Any CPU
		{B0CA44C6-FD88-4AE0-823F-5BE93F2D16F9}.Debug|Any CPU.ActiveCfg = Debug|Any CPU
		{B0CA44C6-FD88-4AE0-823F-5BE93F2D16F9}.Debug|Any CPU.Build.0 = Debug|Any CPU
		{B0CA44C6-FD88-4AE0-823F-5BE93F2D16F9}.Release|Any CPU.ActiveCfg = Release|Any CPU
		{B0CA44C6-FD88-4AE0-823F-5BE93F2D16F9}.Release|Any CPU.Build.0 = Release|Any CPU
		{3C7B33E3-737D-430C-AB25-8784C97D396A}.Debug|Any CPU.ActiveCfg = Debug|Any CPU
		{3C7B33E3-737D-430C-AB25-8784C97D396A}.Debug|Any CPU.Build.0 = Debug|Any CPU
		{3C7B33E3-737D-430C-AB25-8784C97D396A}.Release|Any CPU.ActiveCfg = Release|Any CPU
		{3C7B33E3-737D-430C-AB25-8784C97D396A}.Release|Any CPU.Build.0 = Release|Any CPU
		{1080B17D-CBFE-425D-9A71-797F841AD23C}.Debug|Any CPU.ActiveCfg = Debug|Any CPU
		{1080B17D-CBFE-425D-9A71-797F841AD23C}.Debug|Any CPU.Build.0 = Debug|Any CPU
		{1080B17D-CBFE-425D-9A71-797F841AD23C}.Release|Any CPU.ActiveCfg = Release|Any CPU
		{1080B17D-CBFE-425D-9A71-797F841AD23C}.Release|Any CPU.Build.0 = Release|Any CPU
	EndGlobalSection
EndGlobal
